
Microsoft Visual Studio Solution File, Format Version 11.00
# Visual Studio 2010
Project("{FAE04EC0-301F-11D3-BF4B-00C04F79EFBC}") = "TestController", "TestController\TestController.csproj", "{995E2488-AA10-4706-B016-72D5EC660553}"
EndProject
Global
	GlobalSection(SolutionConfigurationPlatforms) = preSolution
		Debug|Any CPU = Debug|Any CPU
		Release|Any CPU = Release|Any CPU
	EndGlobalSection
	GlobalSection(ProjectConfigurationPlatforms) = postSolution
		{995E2488-AA10-4706-B016-72D5EC660553}.Debug|Any CPU.ActiveCfg = Debug|Any CPU
		{995E2488-AA10-4706-B016-72D5EC660553}.Debug|Any CPU.Build.0 = Debug|Any CPU
		{995E2488-AA10-4706-B016-72D5EC660553}.Release|Any CPU.ActiveCfg = Release|Any CPU
		{995E2488-AA10-4706-B016-72D5EC660553}.Release|Any CPU.Build.0 = Release|Any CPU
	EndGlobalSection
	GlobalSection(SolutionProperties) = preSolution
		HideSolutionNode = FALSE
	EndGlobalSection
EndGlobal
