
Microsoft Visual Studio Solution File, Format Version 11.00
# Visual Studio 2010
Project("{FAE04EC0-301F-11D3-BF4B-00C04F79EFBC}") = "AConnection", "AConnection\AConnection.csproj", "{7036D593-A6F5-4A36-996B-D94218D72FEF}"
EndProject
Global
	GlobalSection(SolutionConfigurationPlatforms) = preSolution
		Debug|Any CPU = Debug|Any CPU
		Release|Any CPU = Release|Any CPU
	EndGlobalSection
	GlobalSection(ProjectConfigurationPlatforms) = postSolution
		{7036D593-A6F5-4A36-996B-D94218D72FEF}.Debug|Any CPU.ActiveCfg = Debug|Any CPU
		{7036D593-A6F5-4A36-996B-D94218D72FEF}.Debug|Any CPU.Build.0 = Debug|Any CPU
		{7036D593-A6F5-4A36-996B-D94218D72FEF}.Release|Any CPU.ActiveCfg = Release|Any CPU
		{7036D593-A6F5-4A36-996B-D94218D72FEF}.Release|Any CPU.Build.0 = Release|Any CPU
	EndGlobalSection
	GlobalSection(SolutionProperties) = preSolution
		HideSolutionNode = FALSE
	EndGlobalSection
EndGlobal
