
Microsoft Visual Studio Solution File, Format Version 11.00
# Visual Studio 2010
Project("{FAE04EC0-301F-11D3-BF4B-00C04F79EFBC}") = "Presenter", "Presenter\Presenter.csproj", "{020DDA3A-6089-408C-AA6A-43A8C3426537}"
EndProject
Global
	GlobalSection(SolutionConfigurationPlatforms) = preSolution
		Debug|Any CPU = Debug|Any CPU
		Release|Any CPU = Release|Any CPU
	EndGlobalSection
	GlobalSection(ProjectConfigurationPlatforms) = postSolution
		{020DDA3A-6089-408C-AA6A-43A8C3426537}.Debug|Any CPU.ActiveCfg = Debug|Any CPU
		{020DDA3A-6089-408C-AA6A-43A8C3426537}.Debug|Any CPU.Build.0 = Debug|Any CPU
		{020DDA3A-6089-408C-AA6A-43A8C3426537}.Release|Any CPU.ActiveCfg = Release|Any CPU
		{020DDA3A-6089-408C-AA6A-43A8C3426537}.Release|Any CPU.Build.0 = Release|Any CPU
	EndGlobalSection
	GlobalSection(SolutionProperties) = preSolution
		HideSolutionNode = FALSE
	EndGlobalSection
EndGlobal
